
Microsoft Visual Studio Solution File, Format Version 12.00
# Visual Studio Version 17
VisualStudioVersion = 17.5.33414.496
MinimumVisualStudioVersion = 10.0.40219.1
Project("{FAE04EC0-301F-11D3-BF4B-00C04F79EFBC}") = "ImplementInt", "ImplementInt\ImplementInt.csproj", "{0C960749-9E88-43AC-9523-4CA799BCEA46}"
EndProject
Global
	GlobalSection(SolutionConfigurationPlatforms) = preSolution
		Debug|Any CPU = Debug|Any CPU
		Release|Any CPU = Release|Any CPU
	EndGlobalSection
	GlobalSection(ProjectConfigurationPlatforms) = postSolution
		{0C960749-9E88-43AC-9523-4CA799BCEA46}.Debug|Any CPU.ActiveCfg = Debug|Any CPU
		{0C960749-9E88-43AC-9523-4CA799BCEA46}.Debug|Any CPU.Build.0 = Debug|Any CPU
		{0C960749-9E88-43AC-9523-4CA799BCEA46}.Release|Any CPU.ActiveCfg = Release|Any CPU
		{0C960749-9E88-43AC-9523-4CA799BCEA46}.Release|Any CPU.Build.0 = Release|Any CPU
	EndGlobalSection
	GlobalSection(SolutionProperties) = preSolution
		HideSolutionNode = FALSE
	EndGlobalSection
	GlobalSection(ExtensibilityGlobals) = postSolution
		SolutionGuid = {8D43D4F6-1DEF-48FB-9D34-A9CA576AC577}
	EndGlobalSection
EndGlobal
